
Microsoft Visual Studio Solution File, Format Version 12.00
# Visual Studio 15
VisualStudioVersion = 15.0.27130.2026
MinimumVisualStudioVersion = 10.0.40219.1
Project("{9A19103F-16F7-4668-BE54-9A1E7A4F7556}") = "AlmostAdmin", "AlmostAdmin\AlmostAdmin.csproj", "{AEC9F17E-C943-4DD0-BD8F-9B69C7FAF11A}"
EndProject
Global
	GlobalSection(SolutionConfigurationPlatforms) = preSolution
		Debug|Any CPU = Debug|Any CPU
		Release|Any CPU = Release|Any CPU
	EndGlobalSection
	GlobalSection(ProjectConfigurationPlatforms) = postSolution
		{AEC9F17E-C943-4DD0-BD8F-9B69C7FAF11A}.Debug|Any CPU.ActiveCfg = Debug|Any CPU
		{AEC9F17E-C943-4DD0-BD8F-9B69C7FAF11A}.Debug|Any CPU.Build.0 = Debug|Any CPU
		{AEC9F17E-C943-4DD0-BD8F-9B69C7FAF11A}.Release|Any CPU.ActiveCfg = Release|Any CPU
		{AEC9F17E-C943-4DD0-BD8F-9B69C7FAF11A}.Release|Any CPU.Build.0 = Release|Any CPU
	EndGlobalSection
	GlobalSection(SolutionProperties) = preSolution
		HideSolutionNode = FALSE
	EndGlobalSection
	GlobalSection(ExtensibilityGlobals) = postSolution
		SolutionGuid = {EAFCE9F6-4ECA-4776-915B-E5ABEF68B529}
	EndGlobalSection
EndGlobal
